{
  "name": "botwebsite",
  "lockfileVersion": 2,
  "requires": true,
  "packages": {
    "": {
      "name": "botwebsite",
      "dependencies": {
        "lib": "latest"
      }
    },
    "node_modules/lib": {
      "version": "5.1.0",
      "resolved": "https://registry.npmjs.org/lib/-/lib-5.1.0.tgz",
      "integrity": "sha512-RqaGSpLSf6vtSls86+kUqMuQkNiXLtUFbKrh/mKOuZmi3ENJOXHsScw8/grKOLzDgYTgOvpFPGgmNsEh5f2yuA==",
      "engines": {
        "node": ">=4.0.0"
      }
    }
  },
  "dependencies": {
    "lib": {
      "version": "5.1.0",
      "resolved": "https://registry.npmjs.org/lib/-/lib-5.1.0.tgz",
      "integrity": "sha512-RqaGSpLSf6vtSls86+kUqMuQkNiXLtUFbKrh/mKOuZmi3ENJOXHsScw8/grKOLzDgYTgOvpFPGgmNsEh5f2yuA=="
    }
  }
}
